
Microsoft Visual Studio Solution File, Format Version 12.00
# Visual Studio Version 16
VisualStudioVersion = 16.0.31727.386
MinimumVisualStudioVersion = 10.0.40219.1
Project("{9A19103F-16F7-4668-BE54-9A1E7A4F7556}") = "PaymentGateway", "PaymentGateway\PaymentGateway.csproj", "{356040C4-1482-4500-872A-5B477EB26643}"
	ProjectSection(ProjectDependencies) = postProject
		{C2DE5E49-9C1B-491F-A757-9F6979269FE5} = {C2DE5E49-9C1B-491F-A757-9F6979269FE5}
		{2470B783-0D27-4D80-8FCB-71129B9758B7} = {2470B783-0D27-4D80-8FCB-71129B9758B7}
		{6C3D4FB6-1D52-4670-9143-EAA6C6A4F4C9} = {6C3D4FB6-1D52-4670-9143-EAA6C6A4F4C9}
	EndProjectSection
EndProject
Project("{9A19103F-16F7-4668-BE54-9A1E7A4F7556}") = "PaymentGateway.Models", "PaymentGateway.Models\PaymentGateway.Models.csproj", "{D9596BD2-2E0C-41A6-80EE-3C6E70A75F94}"
EndProject
Project("{9A19103F-16F7-4668-BE54-9A1E7A4F7556}") = "PaymentGateway.Application", "PaymentGateway.Application\PaymentGateway.Application.csproj", "{21B8AD81-EA86-4355-8C97-969B12BFF990}"
EndProject
Project("{9A19103F-16F7-4668-BE54-9A1E7A4F7556}") = "PaymentGateway.Data", "PaymentGateway.Data\PaymentGateway.Data.csproj", "{6C3D4FB6-1D52-4670-9143-EAA6C6A4F4C9}"
EndProject
Project("{9A19103F-16F7-4668-BE54-9A1E7A4F7556}") = "PaymentGateway.PublishedLanguage", "PymentGateway.PublishedLanguage\PaymentGateway.PublishedLanguage.csproj", "{C2DE5E49-9C1B-491F-A757-9F6979269FE5}"
EndProject
Project("{9A19103F-16F7-4668-BE54-9A1E7A4F7556}") = "PaymentGateway.Abstractions", "PaymentGateway.Abstractions\PaymentGateway.Abstractions.csproj", "{2470B783-0D27-4D80-8FCB-71129B9758B7}"
EndProject
Project("{9A19103F-16F7-4668-BE54-9A1E7A4F7556}") = "PaymentGateway.ExternalService", "PaymentGateway.ExternalService\PaymentGateway.ExternalService.csproj", "{F291F696-E09E-4B5A-A9F5-EB2DE6DD37E4}"
EndProject
Project("{2150E333-8FDC-42A3-9474-1A3956D46DE8}") = "Solution Items", "Solution Items", "{361FAD0C-5F25-4AA5-8899-70D6B4D35469}"
	ProjectSection(SolutionItems) = preProject
		dependencies.props = dependencies.props
		Directory.Build.props = Directory.Build.props
		NuGet.config = NuGet.config
	EndProjectSection
EndProject
Project("{FAE04EC0-301F-11D3-BF4B-00C04F79EFBC}") = "PaymentGateway.WebApi", "PaymentGateway.WebApi\PaymentGateway.WebApi.csproj", "{CD13F859-6EB4-4B50-9E8D-DB10DB511489}"
EndProject
Global
	GlobalSection(SolutionConfigurationPlatforms) = preSolution
		Debug|Any CPU = Debug|Any CPU
		Release|Any CPU = Release|Any CPU
	EndGlobalSection
	GlobalSection(ProjectConfigurationPlatforms) = postSolution
		{356040C4-1482-4500-872A-5B477EB26643}.Debug|Any CPU.ActiveCfg = Debug|Any CPU
		{356040C4-1482-4500-872A-5B477EB26643}.Debug|Any CPU.Build.0 = Debug|Any CPU
		{356040C4-1482-4500-872A-5B477EB26643}.Release|Any CPU.ActiveCfg = Release|Any CPU
		{356040C4-1482-4500-872A-5B477EB26643}.Release|Any CPU.Build.0 = Release|Any CPU
		{D9596BD2-2E0C-41A6-80EE-3C6E70A75F94}.Debug|Any CPU.ActiveCfg = Debug|Any CPU
		{D9596BD2-2E0C-41A6-80EE-3C6E70A75F94}.Debug|Any CPU.Build.0 = Debug|Any CPU
		{D9596BD2-2E0C-41A6-80EE-3C6E70A75F94}.Release|Any CPU.ActiveCfg = Release|Any CPU
		{D9596BD2-2E0C-41A6-80EE-3C6E70A75F94}.Release|Any CPU.Build.0 = Release|Any CPU
		{21B8AD81-EA86-4355-8C97-969B12BFF990}.Debug|Any CPU.ActiveCfg = Debug|Any CPU
		{21B8AD81-EA86-4355-8C97-969B12BFF990}.Debug|Any CPU.Build.0 = Debug|Any CPU
		{21B8AD81-EA86-4355-8C97-969B12BFF990}.Release|Any CPU.ActiveCfg = Release|Any CPU
		{21B8AD81-EA86-4355-8C97-969B12BFF990}.Release|Any CPU.Build.0 = Release|Any CPU
		{6C3D4FB6-1D52-4670-9143-EAA6C6A4F4C9}.Debug|Any CPU.ActiveCfg = Debug|Any CPU
		{6C3D4FB6-1D52-4670-9143-EAA6C6A4F4C9}.Debug|Any CPU.Build.0 = Debug|Any CPU
		{6C3D4FB6-1D52-4670-9143-EAA6C6A4F4C9}.Release|Any CPU.ActiveCfg = Release|Any CPU
		{6C3D4FB6-1D52-4670-9143-EAA6C6A4F4C9}.Release|Any CPU.Build.0 = Release|Any CPU
		{C2DE5E49-9C1B-491F-A757-9F6979269FE5}.Debug|Any CPU.ActiveCfg = Debug|Any CPU
		{C2DE5E49-9C1B-491F-A757-9F6979269FE5}.Debug|Any CPU.Build.0 = Debug|Any CPU
		{C2DE5E49-9C1B-491F-A757-9F6979269FE5}.Release|Any CPU.ActiveCfg = Release|Any CPU
		{C2DE5E49-9C1B-491F-A757-9F6979269FE5}.Release|Any CPU.Build.0 = Release|Any CPU
		{2470B783-0D27-4D80-8FCB-71129B9758B7}.Debug|Any CPU.ActiveCfg = Debug|Any CPU
		{2470B783-0D27-4D80-8FCB-71129B9758B7}.Debug|Any CPU.Build.0 = Debug|Any CPU
		{2470B783-0D27-4D80-8FCB-71129B9758B7}.Release|Any CPU.ActiveCfg = Release|Any CPU
		{2470B783-0D27-4D80-8FCB-71129B9758B7}.Release|Any CPU.Build.0 = Release|Any CPU
		{F291F696-E09E-4B5A-A9F5-EB2DE6DD37E4}.Debug|Any CPU.ActiveCfg = Debug|Any CPU
		{F291F696-E09E-4B5A-A9F5-EB2DE6DD37E4}.Debug|Any CPU.Build.0 = Debug|Any CPU
		{F291F696-E09E-4B5A-A9F5-EB2DE6DD37E4}.Release|Any CPU.ActiveCfg = Release|Any CPU
		{F291F696-E09E-4B5A-A9F5-EB2DE6DD37E4}.Release|Any CPU.Build.0 = Release|Any CPU
		{CD13F859-6EB4-4B50-9E8D-DB10DB511489}.Debug|Any CPU.ActiveCfg = Debug|Any CPU
		{CD13F859-6EB4-4B50-9E8D-DB10DB511489}.Debug|Any CPU.Build.0 = Debug|Any CPU
		{CD13F859-6EB4-4B50-9E8D-DB10DB511489}.Release|Any CPU.ActiveCfg = Release|Any CPU
		{CD13F859-6EB4-4B50-9E8D-DB10DB511489}.Release|Any CPU.Build.0 = Release|Any CPU
	EndGlobalSection
	GlobalSection(SolutionProperties) = preSolution
		HideSolutionNode = FALSE
	EndGlobalSection
	GlobalSection(ExtensibilityGlobals) = postSolution
		SolutionGuid = {4E082A39-1B2E-4847-915A-94D00EBA93DF}
	EndGlobalSection
EndGlobal
